PODS:
  - Flutter (2.0.0)
  - flutter_gamepad (0.0.1):
    - Flutter

DEPENDENCIES:
  - flutter_gamepad (from `.symlinks/plugins/flutter_gamepad/ios`)

SPEC REPOS:
  trunk:
    - Flutter

EXTERNAL SOURCES:
  flutter_gamepad:
    :path: ".symlinks/plugins/flutter_gamepad/ios"

SPEC CHECKSUMS:
  Flutter: 1c17b7bc8cd10f9f85f9dbc56caee3074756daad
  flutter_gamepad: 30d3b99e0c4de42f2ec5b78602f089dc734a1c8e

PODFILE CHECKSUM: 4cc3c1c9b4427506ba49e9ba584daf3361ee4b64

COCOAPODS: 1.10.1
