PODS:
  - Flutter (1.0.0)
  - flutter_gamepad (0.0.1):
    - Flutter

DEPENDENCIES:
  - Flutter (from `.symlinks/flutter/ios`)
  - flutter_gamepad (from `.symlinks/plugins/flutter_gamepad/ios`)

EXTERNAL SOURCES:
  Flutter:
    :path: ".symlinks/flutter/ios"
  flutter_gamepad:
    :path: ".symlinks/plugins/flutter_gamepad/ios"

SPEC CHECKSUMS:
  Flutter: 0e3d915762c693b495b44d77113d4970485de6ec
  flutter_gamepad: 2cfe8882bce85d1f86834ec6e69c337589ea451c

PODFILE CHECKSUM: 4cc3c1c9b4427506ba49e9ba584daf3361ee4b64

COCOAPODS: 1.9.2
